<?xml version="1.0" encoding="UTF-8" standalone="yes" ?>
<CodeBlocks_project_file>
	<FileVersion major="1" minor="6" />
	<Project>
		<Option title="LexAnalizer" />
		<Option pch_mode="2" />
		<Option compiler="gcc" />
		<Build>
			<Target title="Debug">
				<Option output="bin/Debug/LexAnalizer" prefix_auto="1" extension_auto="1" />
				<Option object_output="obj/Debug/" />
				<Option type="1" />
				<Option compiler="gcc" />
				<Compiler>
					<Add option="-g" />
					<Add option="-DDEBUG" />
					<Add directory="include" />
					<Add directory="Syntax" />
					<Add directory="Evaluator" />
					<Add directory="MemoryManager" />
					<Add directory="Interpreter" />
					<Add directory="Syntax/Printer" />
					<Add directory="CmdHistoryManager" />
				</Compiler>
			</Target>
			<Target title="Release">
				<Option output="bin/Release/LexAnalizer" prefix_auto="1" extension_auto="1" />
				<Option object_output="obj/Release/" />
				<Option type="1" />
				<Option compiler="gcc" />
				<Compiler>
					<Add option="-O2" />
					<Add directory="include" />
					<Add directory="Syntax" />
					<Add directory="Evaluator" />
					<Add directory="MemoryManager" />
					<Add directory="Interpreter" />
					<Add directory="Syntax/Printer" />
					<Add directory="CmdHistoryManager" />
				</Compiler>
				<Linker>
					<Add option="-s" />
				</Linker>
			</Target>
		</Build>
		<Compiler>
			<Add option="-Wall" />
			<Add option="-fexceptions" />
		</Compiler>
		<Unit filename="CmdHistoryManager/CmdHistoryManager.cpp" />
		<Unit filename="CmdHistoryManager/CmdHistoryManager.h" />
		<Unit filename="Evaluator/evaluator.cpp" />
		<Unit filename="Evaluator/evaluator.h" />
		<Unit filename="Interpreter/Interpreter.cpp" />
		<Unit filename="Interpreter/Interpreter.h" />
		<Unit filename="LexAnalizer/Additional.cpp" />
		<Unit filename="LexAnalizer/Additional.h" />
		<Unit filename="LexAnalizer/LexAnalizer.cpp" />
		<Unit filename="LexAnalizer/LexAnalizer.h" />
		<Unit filename="LexAnalizer/State.cpp" />
		<Unit filename="LexAnalizer/State.h" />
		<Unit filename="MemoryManager/memoryManager.cpp" />
		<Unit filename="MemoryManager/memoryManager.h" />
		<Unit filename="Syntax/Nodes/STNode.cpp" />
		<Unit filename="Syntax/Nodes/STNode.h" />
		<Unit filename="Syntax/Nodes/STNodeData.h" />
		<Unit filename="Syntax/Printer/Printer.cpp" />
		<Unit filename="Syntax/Printer/Printer.h" />
		<Unit filename="Syntax/SyntaxAnalizer.cpp" />
		<Unit filename="Syntax/SyntaxAnalizer.h" />
		<Unit filename="Visitor/Visitor.h" />
		<Unit filename="src/main.cpp" />
		<Extensions />
	</Project>
</CodeBlocks_project_file>
